
Microsoft Visual Studio Solution File, Format Version 12.00
# Visual Studio Version 17
VisualStudioVersion = 17.14.36414.22
MinimumVisualStudioVersion = 10.0.40219.1
Project("{9A19103F-16F7-4668-BE54-9A1E7A4F7556}") = "FullMetalLibrary", "FullMetalLibrary.csproj", "{050831B7-9830-48EA-8146-047173C90E2C}"
EndProject
Project("{2150E333-8FDC-42A3-9474-1A3956D46DE8}") = "Solution Items", "Solution Items", "{C4709CED-F36F-4F1E-A961-9E991B02264E}"
	ProjectSection(SolutionItems) = preProject
		.gitignore = .gitignore
	EndProjectSection
EndProject
Project("{FAE04EC0-301F-11D3-BF4B-00C04F79EFBC}") = "FMLTestProject", "..\FMLTestProject\FMLTestProject.csproj", "{CFA54AB0-1653-46EB-9993-F4C332180F09}"
EndProject
Project("{FAE04EC0-301F-11D3-BF4B-00C04F79EFBC}") = "FML_AutomationTestProject", "..\FML_AutomationTestProject\FML_AutomationTestProject.csproj", "{1AA76480-38C7-46EF-A431-5DBD54904E6B}"
EndProject
Global
	GlobalSection(SolutionConfigurationPlatforms) = preSolution
		Debug|Any CPU = Debug|Any CPU
		Release|Any CPU = Release|Any CPU
	EndGlobalSection
	GlobalSection(ProjectConfigurationPlatforms) = postSolution
		{050831B7-9830-48EA-8146-047173C90E2C}.Debug|Any CPU.ActiveCfg = Debug|Any CPU
		{050831B7-9830-48EA-8146-047173C90E2C}.Debug|Any CPU.Build.0 = Debug|Any CPU
		{050831B7-9830-48EA-8146-047173C90E2C}.Release|Any CPU.ActiveCfg = Release|Any CPU
		{050831B7-9830-48EA-8146-047173C90E2C}.Release|Any CPU.Build.0 = Release|Any CPU
		{CFA54AB0-1653-46EB-9993-F4C332180F09}.Debug|Any CPU.ActiveCfg = Debug|Any CPU
		{CFA54AB0-1653-46EB-9993-F4C332180F09}.Debug|Any CPU.Build.0 = Debug|Any CPU
		{CFA54AB0-1653-46EB-9993-F4C332180F09}.Release|Any CPU.ActiveCfg = Release|Any CPU
		{CFA54AB0-1653-46EB-9993-F4C332180F09}.Release|Any CPU.Build.0 = Release|Any CPU
		{1AA76480-38C7-46EF-A431-5DBD54904E6B}.Debug|Any CPU.ActiveCfg = Debug|Any CPU
		{1AA76480-38C7-46EF-A431-5DBD54904E6B}.Debug|Any CPU.Build.0 = Debug|Any CPU
		{1AA76480-38C7-46EF-A431-5DBD54904E6B}.Release|Any CPU.ActiveCfg = Release|Any CPU
		{1AA76480-38C7-46EF-A431-5DBD54904E6B}.Release|Any CPU.Build.0 = Release|Any CPU
	EndGlobalSection
	GlobalSection(SolutionProperties) = preSolution
		HideSolutionNode = FALSE
	EndGlobalSection
	GlobalSection(ExtensibilityGlobals) = postSolution
		SolutionGuid = {C43A97CF-757D-4894-AFE8-BC90E9FB0A91}
	EndGlobalSection
EndGlobal
